
Microsoft Visual Studio Solution File, Format Version 12.00
# Visual Studio Version 17
VisualStudioVersion = 17.14.36429.23 d17.14
MinimumVisualStudioVersion = 10.0.40219.1
Project("{FAE04EC0-301F-11D3-BF4B-00C04F79EFBC}") = "Es. 5_2", "Es. 5_2\Es. 5_2.csproj", "{499E4A53-3AC3-478F-82A5-35E9C192F9DF}"
EndProject
Project("{FAE04EC0-301F-11D3-BF4B-00C04F79EFBC}") = "LibraryN5_2", "LibraryN5_2\LibraryN5_2.csproj", "{82C220FF-AB58-493E-838D-862D6AC9CEF7}"
EndProject
Global
	GlobalSection(SolutionConfigurationPlatforms) = preSolution
		Debug|Any CPU = Debug|Any CPU
		Release|Any CPU = Release|Any CPU
	EndGlobalSection
	GlobalSection(ProjectConfigurationPlatforms) = postSolution
		{499E4A53-3AC3-478F-82A5-35E9C192F9DF}.Debug|Any CPU.ActiveCfg = Debug|Any CPU
		{499E4A53-3AC3-478F-82A5-35E9C192F9DF}.Debug|Any CPU.Build.0 = Debug|Any CPU
		{499E4A53-3AC3-478F-82A5-35E9C192F9DF}.Release|Any CPU.ActiveCfg = Release|Any CPU
		{499E4A53-3AC3-478F-82A5-35E9C192F9DF}.Release|Any CPU.Build.0 = Release|Any CPU
		{82C220FF-AB58-493E-838D-862D6AC9CEF7}.Debug|Any CPU.ActiveCfg = Debug|Any CPU
		{82C220FF-AB58-493E-838D-862D6AC9CEF7}.Debug|Any CPU.Build.0 = Debug|Any CPU
		{82C220FF-AB58-493E-838D-862D6AC9CEF7}.Release|Any CPU.ActiveCfg = Release|Any CPU
		{82C220FF-AB58-493E-838D-862D6AC9CEF7}.Release|Any CPU.Build.0 = Release|Any CPU
	EndGlobalSection
	GlobalSection(SolutionProperties) = preSolution
		HideSolutionNode = FALSE
	EndGlobalSection
	GlobalSection(ExtensibilityGlobals) = postSolution
		SolutionGuid = {CEFC7ACA-53B6-4B7C-8974-ABA2860FDADE}
	EndGlobalSection
EndGlobal
